
Microsoft Visual Studio Solution File, Format Version 12.00
# Visual Studio Version 16
VisualStudioVersion = 16.0.30320.27
MinimumVisualStudioVersion = 10.0.40219.1
Project("{FAE04EC0-301F-11D3-BF4B-00C04F79EFBC}") = "Jae_Ellis_GOLStartUpTemplate", "Jae_Ellis_GOLStartUpTemplate\Jae_Ellis_GOLStartUpTemplate.csproj", "{BF291263-8185-4089-BAAD-1310FC0B8889}"
EndProject
Global
	GlobalSection(SolutionConfigurationPlatforms) = preSolution
		Debug|Any CPU = Debug|Any CPU
		Release|Any CPU = Release|Any CPU
	EndGlobalSection
	GlobalSection(ProjectConfigurationPlatforms) = postSolution
		{BF291263-8185-4089-BAAD-1310FC0B8889}.Debug|Any CPU.ActiveCfg = Debug|Any CPU
		{BF291263-8185-4089-BAAD-1310FC0B8889}.Debug|Any CPU.Build.0 = Debug|Any CPU
		{BF291263-8185-4089-BAAD-1310FC0B8889}.Release|Any CPU.ActiveCfg = Release|Any CPU
		{BF291263-8185-4089-BAAD-1310FC0B8889}.Release|Any CPU.Build.0 = Release|Any CPU
	EndGlobalSection
	GlobalSection(SolutionProperties) = preSolution
		HideSolutionNode = FALSE
	EndGlobalSection
	GlobalSection(ExtensibilityGlobals) = postSolution
		SolutionGuid = {F5BBC108-6C4F-4559-A478-B733623059BF}
	EndGlobalSection
EndGlobal
